
Microsoft Visual Studio Solution File, Format Version 12.00
# Visual Studio 15
VisualStudioVersion = 15.0.26730.16
MinimumVisualStudioVersion = 10.0.40219.1
Project("{F184B08F-C81C-45F6-A57F-5ABD9991F28F}") = "Alarmy", "Alarmy\Alarmy.vbproj", "{3579E448-5AF7-4C8E-BE05-3C2CCD00A145}"
EndProject
Global
	GlobalSection(SolutionConfigurationPlatforms) = preSolution
		Debug|Any CPU = Debug|Any CPU
		Release|Any CPU = Release|Any CPU
	EndGlobalSection
	GlobalSection(ProjectConfigurationPlatforms) = postSolution
		{3579E448-5AF7-4C8E-BE05-3C2CCD00A145}.Debug|Any CPU.ActiveCfg = Debug|Any CPU
		{3579E448-5AF7-4C8E-BE05-3C2CCD00A145}.Debug|Any CPU.Build.0 = Debug|Any CPU
		{3579E448-5AF7-4C8E-BE05-3C2CCD00A145}.Release|Any CPU.ActiveCfg = Release|Any CPU
		{3579E448-5AF7-4C8E-BE05-3C2CCD00A145}.Release|Any CPU.Build.0 = Release|Any CPU
	EndGlobalSection
	GlobalSection(SolutionProperties) = preSolution
		HideSolutionNode = FALSE
	EndGlobalSection
	GlobalSection(ExtensibilityGlobals) = postSolution
		SolutionGuid = {072860EA-D2D4-4066-8183-12EE68A27FE1}
	EndGlobalSection
EndGlobal
